
Microsoft Visual Studio Solution File, Format Version 12.00
# Visual Studio Version 17
VisualStudioVersion = 17.0.31903.59
MinimumVisualStudioVersion = 10.0.40219.1
Project("{2150E333-8FDC-42A3-9474-1A3956D46DE8}") = "src", "src", "{D446169C-9D0C-40C0-9F7A-6500F8D5962A}"
EndProject
Project("{2150E333-8FDC-42A3-9474-1A3956D46DE8}") = "Infrastructure", "Infrastructure", "{0D34F104-8B27-490B-81E3-1B7B52545763}"
EndProject
Project("{FAE04EC0-301F-11D3-BF4B-00C04F79EFBC}") = "FitnessTracker.Infrastructure", "src\Infrastructure\FitnessTracker.Infrastructure\FitnessTracker.Infrastructure.csproj", "{0904F8CC-6FE9-425A-8115-B2B311B4864C}"
EndProject
Project("{2150E333-8FDC-42A3-9474-1A3956D46DE8}") = "Domain", "Domain", "{83E82062-97B4-45C9-B484-A333F9EFC816}"
EndProject
Project("{FAE04EC0-301F-11D3-BF4B-00C04F79EFBC}") = "FitnessTracker.Domain", "src\Domain\FitnessTracker.Domain\FitnessTracker.Domain.csproj", "{7167130D-A037-43BE-95E4-77585BC89091}"
EndProject
Project("{2150E333-8FDC-42A3-9474-1A3956D46DE8}") = "Application", "Application", "{F5B59B27-E0AC-4333-A8A0-EF217787CC18}"
EndProject
Project("{FAE04EC0-301F-11D3-BF4B-00C04F79EFBC}") = "FitnessTracker.Application", "src\Application\FitnessTracker.Application\FitnessTracker.Application.csproj", "{77C7D2FB-2C75-4457-A12C-E23AA5E66F5E}"
EndProject
Project("{2150E333-8FDC-42A3-9474-1A3956D46DE8}") = "Presentation", "Presentation", "{97A27E32-0302-4AA7-A32B-7CBF82ED782E}"
EndProject
Project("{FAE04EC0-301F-11D3-BF4B-00C04F79EFBC}") = "FitnessTracker.WebUI", "src\Presentation\FitnessTracker.WebUI\FitnessTracker.WebUI.csproj", "{A569C8AC-86CD-4585-AFFD-3B67C723105E}"
EndProject
Global
	GlobalSection(SolutionConfigurationPlatforms) = preSolution
		Debug|Any CPU = Debug|Any CPU
		Release|Any CPU = Release|Any CPU
	EndGlobalSection
	GlobalSection(SolutionProperties) = preSolution
		HideSolutionNode = FALSE
	EndGlobalSection
	GlobalSection(ProjectConfigurationPlatforms) = postSolution
		{0904F8CC-6FE9-425A-8115-B2B311B4864C}.Debug|Any CPU.ActiveCfg = Debug|Any CPU
		{0904F8CC-6FE9-425A-8115-B2B311B4864C}.Debug|Any CPU.Build.0 = Debug|Any CPU
		{0904F8CC-6FE9-425A-8115-B2B311B4864C}.Release|Any CPU.ActiveCfg = Release|Any CPU
		{0904F8CC-6FE9-425A-8115-B2B311B4864C}.Release|Any CPU.Build.0 = Release|Any CPU
		{7167130D-A037-43BE-95E4-77585BC89091}.Debug|Any CPU.ActiveCfg = Debug|Any CPU
		{7167130D-A037-43BE-95E4-77585BC89091}.Debug|Any CPU.Build.0 = Debug|Any CPU
		{7167130D-A037-43BE-95E4-77585BC89091}.Release|Any CPU.ActiveCfg = Release|Any CPU
		{7167130D-A037-43BE-95E4-77585BC89091}.Release|Any CPU.Build.0 = Release|Any CPU
		{77C7D2FB-2C75-4457-A12C-E23AA5E66F5E}.Debug|Any CPU.ActiveCfg = Debug|Any CPU
		{77C7D2FB-2C75-4457-A12C-E23AA5E66F5E}.Debug|Any CPU.Build.0 = Debug|Any CPU
		{77C7D2FB-2C75-4457-A12C-E23AA5E66F5E}.Release|Any CPU.ActiveCfg = Release|Any CPU
		{77C7D2FB-2C75-4457-A12C-E23AA5E66F5E}.Release|Any CPU.Build.0 = Release|Any CPU
		{A569C8AC-86CD-4585-AFFD-3B67C723105E}.Debug|Any CPU.ActiveCfg = Debug|Any CPU
		{A569C8AC-86CD-4585-AFFD-3B67C723105E}.Debug|Any CPU.Build.0 = Debug|Any CPU
		{A569C8AC-86CD-4585-AFFD-3B67C723105E}.Release|Any CPU.ActiveCfg = Release|Any CPU
		{A569C8AC-86CD-4585-AFFD-3B67C723105E}.Release|Any CPU.Build.0 = Release|Any CPU
	EndGlobalSection
	GlobalSection(NestedProjects) = preSolution
		{0D34F104-8B27-490B-81E3-1B7B52545763} = {D446169C-9D0C-40C0-9F7A-6500F8D5962A}
		{0904F8CC-6FE9-425A-8115-B2B311B4864C} = {0D34F104-8B27-490B-81E3-1B7B52545763}
		{83E82062-97B4-45C9-B484-A333F9EFC816} = {D446169C-9D0C-40C0-9F7A-6500F8D5962A}
		{7167130D-A037-43BE-95E4-77585BC89091} = {83E82062-97B4-45C9-B484-A333F9EFC816}
		{F5B59B27-E0AC-4333-A8A0-EF217787CC18} = {D446169C-9D0C-40C0-9F7A-6500F8D5962A}
		{77C7D2FB-2C75-4457-A12C-E23AA5E66F5E} = {F5B59B27-E0AC-4333-A8A0-EF217787CC18}
		{97A27E32-0302-4AA7-A32B-7CBF82ED782E} = {D446169C-9D0C-40C0-9F7A-6500F8D5962A}
		{A569C8AC-86CD-4585-AFFD-3B67C723105E} = {97A27E32-0302-4AA7-A32B-7CBF82ED782E}
	EndGlobalSection
EndGlobal
